Microsoft Visual Studio Solution File, Format Version 11.00
# Visual Studio 2008

Project("{5C8A94DF-B9CB-F6CD-A9DC-02E2CE23CC39}") = "Project52", "Assembly-CSharp.csproj", "{11A84A63-5C6A-3C9F-8CF7-C034BB6618BF}"
EndProject
Global
	GlobalSection(SolutionConfigurationPlatforms) = preSolution
		Debug|Any CPU = Debug|Any CPU
		Release|Any CPU = Release|Any CPU
	EndGlobalSection
	GlobalSection(ProjectConfigurationPlatforms) = postSolution
		{11A84A63-5C6A-3C9F-8CF7-C034BB6618BF}.Debug|Any CPU.ActiveCfg = Debug|Any CPU
		{11A84A63-5C6A-3C9F-8CF7-C034BB6618BF}.Debug|Any CPU.Build.0 = Debug|Any CPU
		{11A84A63-5C6A-3C9F-8CF7-C034BB6618BF}.Release|Any CPU.ActiveCfg = Release|Any CPU
		{11A84A63-5C6A-3C9F-8CF7-C034BB6618BF}.Release|Any CPU.Build.0 = Release|Any CPU
	EndGlobalSection
	GlobalSection(SolutionProperties) = preSolution
		HideSolutionNode = FALSE
	EndGlobalSection
	GlobalSection(MonoDevelopProperties) = preSolution
		StartupItem = Assembly-CSharp.csproj
	EndGlobalSection
EndGlobal
